github.com/hugo-fixit/FixIt v0.3.18-0.20250415021738-b7edbf3e49e9 h1:LMGfnut6ulveb0GIMbFvw0wqsACjG4omr8yLcpcCbQs=
github.com/hugo-fixit/FixIt v0.3.18-0.20250415021738-b7edbf3e49e9/go.mod h1:3XIRedrqakO7/a4ZnhE46haMRF8HgsT0N0B5j5D2iRU=
github.com/hugo-fixit/cmpt-translate v1.5.7 h1:RaWCl4TuVkbjKUoEihhB20onEaBG87ps5uHIAVhKV0s=
github.com/hugo-fixit/cmpt-translate v1.5.7/go.mod h1:JZ0STubquTlRgyyGhGPlt2s0KJ1gCa99+P8ltTwQRM4=
github.com/hugo-fixit/component-projects v1.6.1 h1:bh/+X+f2IE2kNasZRW0k3jn0wYUSin2lO/bXd3/kqHU=
github.com/hugo-fixit/component-projects v1.6.1/go.mod h1:nXW0R37REwpfwUD1I4RtB5QW71vw66nRyB9uEpYxr+c=
github.com/hugo-fixit/shortcode-asciinema v1.0.0 h1:s+NcUeCzvM8sPAvU5KPirTULyRFN0vMK90burBd5jaU=
github.com/hugo-fixit/shortcode-asciinema v1.0.0/go.mod h1:xSMC2YHX8KCM8EPPmn7PA6Cwg6X9UGsV8gA7+1WBPTw=
github.com/hugo-fixit/shortcode-caniuse v1.2.2 h1:cuJVdJ1A0IgJnMQjifCDeRSRxIY0plTgs+wthCbrIls=
github.com/hugo-fixit/shortcode-caniuse v1.2.2/go.mod h1:RoPLFt+7uLui5rjvkC/qFGeo4nly5AzzwIID9SoDKNc=
github.com/hugo-fixit/shortcode-rewards v1.0.5 h1:Fudm/FoKt/K5rhTvOpHyvniAQFOAoQ1V/Z33TpReGkA=
github.com/hugo-fixit/shortcode-rewards v1.0.5/go.mod h1:+PA7wjtBgkQsI8s8bPOMJ6bNNfExUIWz4AxTearzZgw=
