github.com/Lruihao/hugo-shortcode-sponsor-log v1.0.0 h1:HN1tKv3xYVZRSz+xt2Wr3hLbqxi5yK6OZRecYj22yyU=
github.com/Lruihao/hugo-shortcode-sponsor-log v1.0.0/go.mod h1:B0v1x6BWWp5g6w82hBfZkJNPTyTw8Cvt6ccZ7BllA20=
github.com/hugo-fixit/FixIt v0.3.9-0.20240721122039-f44d89a52a07 h1:B3E7DpENpl3k51nl8UQxby/PsLFarsS/HvAVB4b4Zuw=
github.com/hugo-fixit/FixIt v0.3.9-0.20240721122039-f44d89a52a07/go.mod h1:3XIRedrqakO7/a4ZnhE46haMRF8HgsT0N0B5j5D2iRU=
github.com/hugo-fixit/component-projects v1.1.2 h1:hKJ+1CM6Y0wEdA8Pnn8MSZel+ukYtUvzC3VQk+AFSl4=
github.com/hugo-fixit/component-projects v1.1.2/go.mod h1:nXW0R37REwpfwUD1I4RtB5QW71vw66nRyB9uEpYxr+c=
github.com/hugo-fixit/shortcode-caniuse v1.1.2 h1:YWBg6oPZucmPnQyBiPLFJHlueG+gy7hyNlxCGTka59s=
github.com/hugo-fixit/shortcode-caniuse v1.1.2/go.mod h1:RoPLFt+7uLui5rjvkC/qFGeo4nly5AzzwIID9SoDKNc=
